{
  "version": 4,
  "terraform_version": "1.12.2",
  "serial": 4,
  "lineage": "8d3965c3-dcec-4364-8294-90bc72c3ae32",
  "outputs": {},
  "resources": [
    {
      "mode": "managed",
      "type": "azurerm_linux_virtual_machine",
      "name": "myvm",
      "provider": "provider[\"registry.terraform.io/hashicorp/azurerm\"]",
      "instances": [
        {
          "schema_version": 0,
          "attributes": {
            "additional_capabilities": [],
            "admin_password": null,
            "admin_ssh_key": [
              {
                "public_key": "ssh-rsa AAAAB3NzaC1yc2EAAAADAQABAAACAQDTP97WrpCKmKaioCTtKpor2ZgoGLUEODBkdhk1vq6b9W730+cDIlG6vPHK6JvTw/4rx5NIXU21EfK3TD1grj1zzfq4wx4TsgZ6i6TVGrp/N4B2SrG5jS1Pb7Yauo1w6e7t9fQOblYeV3R8pqTdUWiok68E8y9iq9Y65fU+AOym6Bz/KSvpWSlzt3gPBFbgA+ZyCvLQ2Y8qB3OrDTNgOk6OAjgMdQgG2V93YjLE2LdW7DhHHgum1NJA89AuVSALMrkC+n8fWNMFYMgHgz+6VMcUoBSsmrY+uJ4h/5IBZly0/EY7aPqum5wD0jnHY4L0XrWfxP6wnHDi+4eaNnXzoDwRyyiXRbIStR4ZtZ4NluSG9B0Oa2PWakrn1n8YWz2RpvGRK89drJRRUcJtTPGvOF/5FCa7KIhkvo9dgdW0UWApNyYNSbJrYgTNduAM4y+U9YzqGUkM5DL/P35NsmepkmPJwjwHTI/RuQoaleYyGxzy+IJfu8gVpTaShsOqU+0IdzBtA9z67UNOAjcx/+HxFUej21rkipQNSXPvoc0dqzkAPR4IO87VL6QpGKiKhJKj5gwYOmOeublGTtoZxiwIVu+SM9QcKOWYHgCFsqwns8JGPl7GhaIjoHmYEWI2KhE7oSkl6k1cWHsJr9JyhOhmLmjxeQW+/yXyMCxAOqNpb8Ebyw== adarsh@SandboxHost-638894461510091017\n",
                "username": "adarsh"
              }
            ],
            "admin_username": "adarsh",
            "allow_extension_operations": true,
            "availability_set_id": "",
            "boot_diagnostics": [],
            "bypass_platform_safety_checks_on_user_schedule_enabled": false,
            "capacity_reservation_group_id": "",
            "computer_name": "adarshVM",
            "custom_data": null,
            "dedicated_host_group_id": "",
            "dedicated_host_id": "",
            "disable_password_authentication": true,
            "disk_controller_type": "",
            "edge_zone": "",
            "encryption_at_host_enabled": false,
            "eviction_policy": "",
            "extensions_time_budget": "PT1H30M",
            "gallery_application": [],
            "id": "/subscriptions/e6273c17-de66-4371-9b4d-70e10906daf0/resourceGroups/terraformrg/providers/Microsoft.Compute/virtualMachines/adarshVM",
            "identity": [],
            "license_type": "",
            "location": "westus2",
            "max_bid_price": -1,
            "name": "adarshVM",
            "network_interface_ids": [
              "/subscriptions/e6273c17-de66-4371-9b4d-70e10906daf0/resourceGroups/terraformrg/providers/Microsoft.Network/networkInterfaces/myNIC"
            ],
            "os_disk": [
              {
                "caching": "ReadWrite",
                "diff_disk_settings": [],
                "disk_encryption_set_id": "",
                "disk_size_gb": 30,
                "name": "adarshVM_OsDisk_1_d94a2e2724f44a49adc43b73b21d69d4",
                "secure_vm_disk_encryption_set_id": "",
                "security_encryption_type": "",
                "storage_account_type": "Standard_LRS",
                "write_accelerator_enabled": false
              }
            ],
            "os_image_notification": [],
            "patch_assessment_mode": "ImageDefault",
            "patch_mode": "ImageDefault",
            "plan": [],
            "platform_fault_domain": -1,
            "priority": "Regular",
            "private_ip_address": "10.0.1.4",
            "private_ip_addresses": [
              "10.0.1.4"
            ],
            "provision_vm_agent": true,
            "proximity_placement_group_id": "",
            "public_ip_address": "4.155.252.247",
            "public_ip_addresses": [
              "4.155.252.247"
            ],
            "reboot_setting": "",
            "resource_group_name": "terraformrg",
            "secret": [],
            "secure_boot_enabled": false,
            "size": "Standard_B1s",
            "source_image_id": "",
            "source_image_reference": [
              {
                "offer": "UbuntuServer",
                "publisher": "Canonical",
                "sku": "18.04-LTS",
                "version": "latest"
              }
            ],
            "tags": null,
            "termination_notification": null,
            "timeouts": null,
            "user_data": "",
            "virtual_machine_id": "75cd395b-3c00-4e77-8e92-7fde12d3f81c",
            "virtual_machine_scale_set_id": "",
            "vm_agent_platform_updates_enabled": false,
            "vtpm_enabled": false,
            "zone": ""
          },
          "sensitive_attributes": [
            [
              {
                "type": "get_attr",
                "value": "admin_password"
              }
            ],
            [
              {
                "type": "get_attr",
                "value": "custom_data"
              }
            ]
          ],
          "identity_schema_version": 0,
          "private": "eyJlMmJmYjczMC1lY2FhLTExZTYtOGY4OC0zNDM2M2JjN2M0YzAiOnsiY3JlYXRlIjoyNzAwMDAwMDAwMDAwLCJkZWxldGUiOjI3MDAwMDAwMDAwMDAsInJlYWQiOjMwMDAwMDAwMDAwMCwidXBkYXRlIjoyNzAwMDAwMDAwMDAwfX0="
        }
      ]
    },
    {
      "mode": "managed",
      "type": "azurerm_managed_disk",
      "name": "datadisk",
      "provider": "provider[\"registry.terraform.io/hashicorp/azurerm\"]",
      "instances": [
        {
          "schema_version": 1,
          "attributes": {
            "create_option": "Empty",
            "disk_access_id": "",
            "disk_encryption_set_id": "",
            "disk_iops_read_only": 0,
            "disk_iops_read_write": 500,
            "disk_mbps_read_only": 0,
            "disk_mbps_read_write": 60,
            "disk_size_gb": 10,
            "edge_zone": "",
            "encryption_settings": [],
            "gallery_image_reference_id": "",
            "hyper_v_generation": "",
            "id": "/subscriptions/e6273c17-de66-4371-9b4d-70e10906daf0/resourceGroups/terraformrg/providers/Microsoft.Compute/disks/myDataDisk",
            "image_reference_id": "",
            "location": "westus2",
            "logical_sector_size": null,
            "max_shares": 0,
            "name": "myDataDisk",
            "network_access_policy": null,
            "on_demand_bursting_enabled": false,
            "optimized_frequent_attach_enabled": false,
            "os_type": "",
            "performance_plus_enabled": false,
            "public_network_access_enabled": true,
            "resource_group_name": "terraformrg",
            "secure_vm_disk_encryption_set_id": "",
            "security_type": "",
            "source_resource_id": "",
            "source_uri": "",
            "storage_account_id": "",
            "storage_account_type": "Standard_LRS",
            "tags": null,
            "tier": "",
            "timeouts": null,
            "trusted_launch_enabled": false,
            "upload_size_bytes": 0,
            "zone": ""
          },
          "sensitive_attributes": [],
          "identity_schema_version": 0,
          "private": "eyJlMmJmYjczMC1lY2FhLTExZTYtOGY4OC0zNDM2M2JjN2M0YzAiOnsiY3JlYXRlIjoxODAwMDAwMDAwMDAwLCJkZWxldGUiOjE4MDAwMDAwMDAwMDAsInJlYWQiOjMwMDAwMDAwMDAwMCwidXBkYXRlIjoxODAwMDAwMDAwMDAwfSwic2NoZW1hX3ZlcnNpb24iOiIxIn0="
        }
      ]
    },
    {
      "mode": "managed",
      "type": "azurerm_virtual_machine_data_disk_attachment",
      "name": "attach",
      "provider": "provider[\"registry.terraform.io/hashicorp/azurerm\"]",
      "instances": [
        {
          "schema_version": 0,
          "attributes": {
            "caching": "ReadWrite",
            "create_option": "Attach",
            "id": "/subscriptions/e6273c17-de66-4371-9b4d-70e10906daf0/resourceGroups/terraformrg/providers/Microsoft.Compute/virtualMachines/adarshVM/dataDisks/myDataDisk",
            "lun": 0,
            "managed_disk_id": "/subscriptions/e6273c17-de66-4371-9b4d-70e10906daf0/resourceGroups/terraformrg/providers/Microsoft.Compute/disks/myDataDisk",
            "timeouts": null,
            "virtual_machine_id": "/subscriptions/e6273c17-de66-4371-9b4d-70e10906daf0/resourceGroups/terraformrg/providers/Microsoft.Compute/virtualMachines/adarshVM",
            "write_accelerator_enabled": false
          },
          "sensitive_attributes": [],
          "identity_schema_version": 0,
          "private": "eyJlMmJmYjczMC1lY2FhLTExZTYtOGY4OC0zNDM2M2JjN2M0YzAiOnsiY3JlYXRlIjoxODAwMDAwMDAwMDAwLCJkZWxldGUiOjE4MDAwMDAwMDAwMDAsInJlYWQiOjMwMDAwMDAwMDAwMCwidXBkYXRlIjoxODAwMDAwMDAwMDAwfX0=",
          "dependencies": [
            "azurerm_linux_virtual_machine.myvm",
            "azurerm_managed_disk.datadisk"
          ]
        }
      ]
    }
  ],
  "check_results": null
}
