{
  "version": 4,
  "terraform_version": "1.12.2",
  "serial": 28,
  "lineage": "b16430ea-1b39-01d3-0ffc-1440a7f3fe96",
  "outputs": {},
  "resources": [
    {
      "mode": "managed",
      "type": "local_file",
      "name": "count_example",
      "provider": "provider[\"registry.terraform.io/hashicorp/local\"]",
      "instances": [
        {
          "index_key": 0,
          "schema_version": 0,
          "attributes": {
            "content": "This is file number 1",
            "content_base64": null,
            "content_base64sha256": "eqP414Z2iRSVPclCC1G/LrLx8IIHsGP+ZqtyRyoludE=",
            "content_base64sha512": "4YX7So5ISqJ1G8QtwDbFhs6XDVfNvMdLeGwr58bZaI1jI1hiSWnnkt8S5axwCXEDYQOmo59ZNR0oIVsHQ/Du8Q==",
            "content_md5": "50a236c7fc9a02b0499ecbfce839208a",
            "content_sha1": "a6cc096a0531dd31f5713dc02f26a7258b429454",
            "content_sha256": "7aa3f8d786768914953dc9420b51bf2eb2f1f08207b063fe66ab72472a25b9d1",
            "content_sha512": "e185fb4a8e484aa2751bc42dc036c586ce970d57cdbcc74b786c2be7c6d9688d632358624969e792df12e5ac700971036103a6a39f59351d28215b0743f0eef1",
            "directory_permission": "0777",
            "file_permission": "0777",
            "filename": "file1.txt",
            "id": "a6cc096a0531dd31f5713dc02f26a7258b429454",
            "sensitive_content": null,
            "source": null
          },
          "sensitive_attributes": [
            [
              {
                "type": "get_attr",
                "value": "sensitive_content"
              }
            ]
          ],
          "identity_schema_version": 0
        },
        {
          "index_key": 1,
          "schema_version": 0,
          "attributes": {
            "content": "This is file number 2",
            "content_base64": null,
            "content_base64sha256": "r+rXre2j7X47q0Y4XtjgxyE458DWHXlDmRzvt1fu1N4=",
            "content_base64sha512": "8Zz7SGRvdDEO/dNclQVMX+MyeM+r8K8JSSBH1FeV2Pl2wiRoNhaQc2NdYIdWEPvNs7RlZcyb2wouKkayz2UNYQ==",
            "content_md5": "3b301095b5c5fade98dc3e49a3f79f44",
            "content_sha1": "ae1ccb3839bc57e08d8d8acb27da316cbdbeffed",
            "content_sha256": "afead7adeda3ed7e3bab46385ed8e0c72138e7c0d61d7943991cefb757eed4de",
            "content_sha512": "f19cfb48646f74310efdd35c95054c5fe33278cfabf0af09492047d45795d8f976c2246836169073635d60875610fbcdb3b46565cc9bdb0a2e2a46b2cf650d61",
            "directory_permission": "0777",
            "file_permission": "0777",
            "filename": "file2.txt",
            "id": "ae1ccb3839bc57e08d8d8acb27da316cbdbeffed",
            "sensitive_content": null,
            "source": null
          },
          "sensitive_attributes": [
            [
              {
                "type": "get_attr",
                "value": "sensitive_content"
              }
            ]
          ],
          "identity_schema_version": 0
        },
        {
          "index_key": 2,
          "schema_version": 0,
          "attributes": {
            "content": "This is file number 3",
            "content_base64": null,
            "content_base64sha256": "ueIA976eEIaVN9uP8IZomginqCUj8eD6GLzvBPEahTk=",
            "content_base64sha512": "WYvmwF335hNs0bKZfkZSBUfSowGNXIJZfZA8tJPHFL2W8sdtpMo61bkSzqYQEz4uffVYjBe2x6NWznHuFV8Z1w==",
            "content_md5": "2dcdc3f1c2558c57c5238d2098d7177f",
            "content_sha1": "37260cfff70ad0164a72691fe38312b34c004c8a",
            "content_sha256": "b9e200f7be9e10869537db8ff086689a08a7a82523f1e0fa18bcef04f11a8539",
            "content_sha512": "598be6c05df7e6136cd1b2997e46520547d2a3018d5c82597d903cb493c714bd96f2c76da4ca3ad5b912cea610133e2e7df5588c17b6c7a356ce71ee155f19d7",
            "directory_permission": "0777",
            "file_permission": "0777",
            "filename": "file3.txt",
            "id": "37260cfff70ad0164a72691fe38312b34c004c8a",
            "sensitive_content": null,
            "source": null
          },
          "sensitive_attributes": [
            [
              {
                "type": "get_attr",
                "value": "sensitive_content"
              }
            ]
          ],
          "identity_schema_version": 0
        }
      ]
    },
    {
      "mode": "managed",
      "type": "local_file",
      "name": "f1",
      "provider": "provider[\"registry.terraform.io/hashicorp/local\"]",
      "instances": [
        {
          "schema_version": 0,
          "attributes": {
            "content": "sgfj",
            "content_base64": null,
            "content_base64sha256": "8T64BOok6D6S8qEt1DdRETqaBfatVNfauCxe0dW4M9I=",
            "content_base64sha512": "pIgyx/ldLo50xcfriYgMBs6oIXAzDSbI3ewkXWtasvF58LpU3sIOGqu9uOFFXXW7VyCcmQ7+B2wPKo/fLgl4Jg==",
            "content_md5": "f35f48b1d22761593889d135e5e68ced",
            "content_sha1": "5b84898d108bab2a9a80e343cc255cc51ce62d3e",
            "content_sha256": "f13eb804ea24e83e92f2a12dd43751113a9a05f6ad54d7dab82c5ed1d5b833d2",
            "content_sha512": "a48832c7f95d2e8e74c5c7eb89880c06cea82170330d26c8ddec245d6b5ab2f179f0ba54dec20e1aabbdb8e1455d75bb57209c990efe076c0f2a8fdf2e097826",
            "directory_permission": "0777",
            "file_permission": "0777",
            "filename": "15342541",
            "id": "5b84898d108bab2a9a80e343cc255cc51ce62d3e",
            "sensitive_content": null,
            "source": null
          },
          "sensitive_attributes": [
            [
              {
                "type": "get_attr",
                "value": "sensitive_content"
              }
            ]
          ],
          "identity_schema_version": 0
        }
      ]
    },
    {
      "mode": "managed",
      "type": "local_file",
      "name": "f2",
      "provider": "provider[\"registry.terraform.io/hashicorp/local\"]",
      "instances": [
        {
          "schema_version": 0,
          "attributes": {
            "content": "a94a8fe5ccb19ba61c4c0873d391e987982fbbd3",
            "content_base64": null,
            "content_base64sha256": "FoYBgnxQs3BU9OVl2/QFCmvYVLyRZQKAU5zKRbrh+y8=",
            "content_base64sha512": "ZXI600NFVZ1NxjSKKN+2RcuLijY+Jp3/OUYUXADnKw3V8QKrhKStJz/Q7WngEfqub5owygXfoT+lfw5DRoe9xw==",
            "content_md5": "68358d5d9cbbf39fe571ba41f26524b6",
            "content_sha1": "c4033bff94b567a190e33faa551f411caef444f2",
            "content_sha256": "168601827c50b37054f4e565dbf4050a6bd854bc91650280539cca45bae1fb2f",
            "content_sha512": "65723ad34345559d4dc6348a28dfb645cb8b8a363e269dff3946145c00e72b0dd5f102ab84a4ad273fd0ed69e011faae6f9a30ca05dfa13fa57f0e434687bdc7",
            "directory_permission": "0777",
            "file_permission": "0777",
            "filename": "12325.txt",
            "id": "c4033bff94b567a190e33faa551f411caef444f2",
            "sensitive_content": null,
            "source": null
          },
          "sensitive_attributes": [
            [
              {
                "type": "get_attr",
                "value": "sensitive_content"
              }
            ]
          ],
          "identity_schema_version": 0,
          "dependencies": [
            "local_file.f3"
          ]
        }
      ]
    },
    {
      "mode": "managed",
      "type": "local_file",
      "name": "f3",
      "provider": "provider[\"registry.terraform.io/hashicorp/local\"]",
      "instances": [
        {
          "schema_version": 0,
          "attributes": {
            "content": "test",
            "content_base64": null,
            "content_base64sha256": "n4bQgYhMfWWaL+qgxVrQFaO/TxsrC4Is0V1sFbDwCgg=",
            "content_base64sha512": "7iaw3Ur350mqGo7jwQrpkj9hiYB3Lkc/iBml1JQODbJ6wYX4oOHV+E+IvIh/1nsUNzLDBMxfqa2Ob1f1ACio/w==",
            "content_md5": "098f6bcd4621d373cade4e832627b4f6",
            "content_sha1": "a94a8fe5ccb19ba61c4c0873d391e987982fbbd3",
            "content_sha256": "9f86d081884c7d659a2feaa0c55ad015a3bf4f1b2b0b822cd15d6c15b0f00a08",
            "content_sha512": "ee26b0dd4af7e749aa1a8ee3c10ae9923f618980772e473f8819a5d4940e0db27ac185f8a0e1d5f84f88bc887fd67b143732c304cc5fa9ad8e6f57f50028a8ff",
            "directory_permission": "0777",
            "file_permission": "0777",
            "filename": "123.txt",
            "id": "a94a8fe5ccb19ba61c4c0873d391e987982fbbd3",
            "sensitive_content": null,
            "source": null
          },
          "sensitive_attributes": [
            [
              {
                "type": "get_attr",
                "value": "sensitive_content"
              }
            ]
          ],
          "identity_schema_version": 0,
          "create_before_destroy": true
        }
      ]
    },
    {
      "mode": "managed",
      "type": "local_file",
      "name": "f4",
      "provider": "provider[\"registry.terraform.io/hashicorp/local\"]",
      "instances": [
        {
          "schema_version": 0,
          "attributes": {
            "content": "a94a8fe5ccb19ba61c4c0873d391e987982fbbd3",
            "content_base64": null,
            "content_base64sha256": "FoYBgnxQs3BU9OVl2/QFCmvYVLyRZQKAU5zKRbrh+y8=",
            "content_base64sha512": "ZXI600NFVZ1NxjSKKN+2RcuLijY+Jp3/OUYUXADnKw3V8QKrhKStJz/Q7WngEfqub5owygXfoT+lfw5DRoe9xw==",
            "content_md5": "68358d5d9cbbf39fe571ba41f26524b6",
            "content_sha1": "c4033bff94b567a190e33faa551f411caef444f2",
            "content_sha256": "168601827c50b37054f4e565dbf4050a6bd854bc91650280539cca45bae1fb2f",
            "content_sha512": "65723ad34345559d4dc6348a28dfb645cb8b8a363e269dff3946145c00e72b0dd5f102ab84a4ad273fd0ed69e011faae6f9a30ca05dfa13fa57f0e434687bdc7",
            "directory_permission": "0777",
            "file_permission": "0777",
            "filename": "c4033bff94b567a190e33faa551f411caef444f2",
            "id": "c4033bff94b567a190e33faa551f411caef444f2",
            "sensitive_content": null,
            "source": null
          },
          "sensitive_attributes": [
            [
              {
                "type": "get_attr",
                "value": "sensitive_content"
              }
            ]
          ],
          "identity_schema_version": 0,
          "dependencies": [
            "local_file.f2",
            "local_file.f3"
          ]
        }
      ]
    },
    {
      "mode": "managed",
      "type": "local_file",
      "name": "f5",
      "provider": "provider[\"registry.terraform.io/hashicorp/local\"]",
      "instances": [
        {
          "schema_version": 0,
          "attributes": {
            "content": "sgfj",
            "content_base64": null,
            "content_base64sha256": "8T64BOok6D6S8qEt1DdRETqaBfatVNfauCxe0dW4M9I=",
            "content_base64sha512": "pIgyx/ldLo50xcfriYgMBs6oIXAzDSbI3ewkXWtasvF58LpU3sIOGqu9uOFFXXW7VyCcmQ7+B2wPKo/fLgl4Jg==",
            "content_md5": "f35f48b1d22761593889d135e5e68ced",
            "content_sha1": "5b84898d108bab2a9a80e343cc255cc51ce62d3e",
            "content_sha256": "f13eb804ea24e83e92f2a12dd43751113a9a05f6ad54d7dab82c5ed1d5b833d2",
            "content_sha512": "a48832c7f95d2e8e74c5c7eb89880c06cea82170330d26c8ddec245d6b5ab2f179f0ba54dec20e1aabbdb8e1455d75bb57209c990efe076c0f2a8fdf2e097826",
            "directory_permission": "0777",
            "file_permission": "0777",
            "filename": "rjgzhjb",
            "id": "5b84898d108bab2a9a80e343cc255cc51ce62d3e",
            "sensitive_content": null,
            "source": null
          },
          "sensitive_attributes": [
            [
              {
                "type": "get_attr",
                "value": "sensitive_content"
              }
            ]
          ],
          "identity_schema_version": 0,
          "dependencies": [
            "local_file.f1",
            "local_file.fa3"
          ]
        }
      ]
    },
    {
      "mode": "managed",
      "type": "local_file",
      "name": "fa3",
      "provider": "provider[\"registry.terraform.io/hashicorp/local\"]",
      "instances": [
        {
          "schema_version": 0,
          "attributes": {
            "content": "test",
            "content_base64": null,
            "content_base64sha256": "n4bQgYhMfWWaL+qgxVrQFaO/TxsrC4Is0V1sFbDwCgg=",
            "content_base64sha512": "7iaw3Ur350mqGo7jwQrpkj9hiYB3Lkc/iBml1JQODbJ6wYX4oOHV+E+IvIh/1nsUNzLDBMxfqa2Ob1f1ACio/w==",
            "content_md5": "098f6bcd4621d373cade4e832627b4f6",
            "content_sha1": "a94a8fe5ccb19ba61c4c0873d391e987982fbbd3",
            "content_sha256": "9f86d081884c7d659a2feaa0c55ad015a3bf4f1b2b0b822cd15d6c15b0f00a08",
            "content_sha512": "ee26b0dd4af7e749aa1a8ee3c10ae9923f618980772e473f8819a5d4940e0db27ac185f8a0e1d5f84f88bc887fd67b143732c304cc5fa9ad8e6f57f50028a8ff",
            "directory_permission": "0777",
            "file_permission": "0777",
            "filename": "123.txt",
            "id": "a94a8fe5ccb19ba61c4c0873d391e987982fbbd3",
            "sensitive_content": null,
            "source": null
          },
          "sensitive_attributes": [
            [
              {
                "type": "get_attr",
                "value": "sensitive_content"
              }
            ]
          ],
          "identity_schema_version": 0
        }
      ]
    },
    {
      "mode": "managed",
      "type": "local_file",
      "name": "fab3",
      "provider": "provider[\"registry.terraform.io/hashicorp/local\"]",
      "instances": [
        {
          "schema_version": 0,
          "attributes": {
            "content": "test",
            "content_base64": null,
            "content_base64sha256": "n4bQgYhMfWWaL+qgxVrQFaO/TxsrC4Is0V1sFbDwCgg=",
            "content_base64sha512": "7iaw3Ur350mqGo7jwQrpkj9hiYB3Lkc/iBml1JQODbJ6wYX4oOHV+E+IvIh/1nsUNzLDBMxfqa2Ob1f1ACio/w==",
            "content_md5": "098f6bcd4621d373cade4e832627b4f6",
            "content_sha1": "a94a8fe5ccb19ba61c4c0873d391e987982fbbd3",
            "content_sha256": "9f86d081884c7d659a2feaa0c55ad015a3bf4f1b2b0b822cd15d6c15b0f00a08",
            "content_sha512": "ee26b0dd4af7e749aa1a8ee3c10ae9923f618980772e473f8819a5d4940e0db27ac185f8a0e1d5f84f88bc887fd67b143732c304cc5fa9ad8e6f57f50028a8ff",
            "directory_permission": "0777",
            "file_permission": "0777",
            "filename": "1234.txt",
            "id": "a94a8fe5ccb19ba61c4c0873d391e987982fbbd3",
            "sensitive_content": null,
            "source": null
          },
          "sensitive_attributes": [
            [
              {
                "type": "get_attr",
                "value": "sensitive_content"
              }
            ]
          ],
          "identity_schema_version": 0
        }
      ]
    },
    {
      "mode": "managed",
      "type": "local_file",
      "name": "test_file",
      "provider": "provider[\"registry.terraform.io/hashicorp/local\"]",
      "instances": [
        {
          "schema_version": 0,
          "attributes": {
            "content": "This is version 2",
            "content_base64": null,
            "content_base64sha256": "qFiKGkQFVzCnNgijymvZ04K8uOIBsJ7YTDOdMr2acGU=",
            "content_base64sha512": "Qf5CHq6U9M4qWFmU4S6/30VrXUu9rcsvLFUvPqBb1dKeOTDe1o4tKyQihfqVM2tl/VAGVLAMnXMupA8Qo5uCgA==",
            "content_md5": "f643483b95201490c5e925820039b5f9",
            "content_sha1": "fc6eca641e973b992408469ea040626931d868d7",
            "content_sha256": "a8588a1a44055730a73608a3ca6bd9d382bcb8e201b09ed84c339d32bd9a7065",
            "content_sha512": "41fe421eae94f4ce2a585994e12ebfdf456b5d4bbdadcb2f2c552f3ea05bd5d29e3930ded68e2d2b242285fa95336b65fd500654b00c9d732ea40f10a39b8280",
            "directory_permission": "0777",
            "file_permission": "0777",
            "filename": "file_v2.txt",
            "id": "fc6eca641e973b992408469ea040626931d868d7",
            "sensitive_content": null,
            "source": null
          },
          "sensitive_attributes": [
            [
              {
                "type": "get_attr",
                "value": "sensitive_content"
              }
            ]
          ],
          "identity_schema_version": 0
        }
      ]
    }
  ],
  "check_results": null
}
