{
  "version": 4,
  "terraform_version": "1.12.2",
  "serial": 4,
  "lineage": "71b7988f-657b-2568-ea94-9249292f5e43",
  "outputs": {
    "random_id_value": {
      "value": "HvclmA",
      "type": "string"
    },
    "random_pet_name": {
      "value": "nationally-helpful-anchovy",
      "type": "string"
    },
    "random_string_value": {
      "value": "SrJpfDnp",
      "type": "string"
    }
  },
  "resources": [
    {
      "mode": "managed",
      "type": "random_id",
      "name": "from_tfvars",
      "provider": "provider[\"registry.terraform.io/hashicorp/random\"]",
      "instances": [
        {
          "schema_version": 0,
          "attributes": {
            "b64_std": "HvclmA==",
            "b64_url": "HvclmA",
            "byte_length": 4,
            "dec": "519513496",
            "hex": "1ef72598",
            "id": "HvclmA",
            "keepers": null,
            "prefix": null
          },
          "sensitive_attributes": [],
          "identity_schema_version": 0
        }
      ]
    },
    {
      "mode": "managed",
      "type": "random_pet",
      "name": "from_cli",
      "provider": "provider[\"registry.terraform.io/hashicorp/random\"]",
      "instances": [
        {
          "schema_version": 0,
          "attributes": {
            "id": "nationally-helpful-anchovy",
            "keepers": null,
            "length": 3,
            "prefix": null,
            "separator": "-"
          },
          "sensitive_attributes": [],
          "identity_schema_version": 0
        }
      ]
    },
    {
      "mode": "managed",
      "type": "random_string",
      "name": "from_env",
      "provider": "provider[\"registry.terraform.io/hashicorp/random\"]",
      "instances": [
        {
          "schema_version": 2,
          "attributes": {
            "id": "SrJpfDnp",
            "keepers": null,
            "length": 8,
            "lower": true,
            "min_lower": 0,
            "min_numeric": 0,
            "min_special": 0,
            "min_upper": 0,
            "number": true,
            "numeric": true,
            "override_special": null,
            "result": "SrJpfDnp",
            "special": false,
            "upper": true
          },
          "sensitive_attributes": [],
          "identity_schema_version": 0
        }
      ]
    }
  ],
  "check_results": null
}
